<?xml version="1.0" encoding="utf-8"?>
<Project ToolsVersion="4.0" xmlns="http://schemas.microsoft.com/developer/msbuild/2003">
  <ItemGroup>
    <Filter Include="Generated Files">
      <UniqueIdentifier>{71ED8ED8-ACB9-4CE9-BBE1-E00B30144E11}</UniqueIdentifier>
      <Extensions>cpp;c;cxx;moc;h;def;odl;idl;res;</Extensions>
    </Filter>
    <Filter Include="Generated Files">
      <UniqueIdentifier>{71ED8ED8-ACB9-4CE9-BBE1-E00B30144E11}</UniqueIdentifier>
      <Extensions>cpp;c;cxx;moc;h;def;odl;idl;res;</Extensions>
    </Filter>
    <Filter Include="Header Files">
      <UniqueIdentifier>{93995380-89BD-4b04-88EB-625FBE52EBFB}</UniqueIdentifier>
      <Extensions>h;hpp;hxx;hm;inl;inc;xsd</Extensions>
    </Filter>
    <Filter Include="Header Files">
      <UniqueIdentifier>{93995380-89BD-4b04-88EB-625FBE52EBFB}</UniqueIdentifier>
      <Extensions>h;hpp;hxx;hm;inl;inc;xsd</Extensions>
    </Filter>
    <Filter Include="Resource Files">
      <UniqueIdentifier>{D9D6E242-F8AF-46E4-B9FD-80ECBC20BA3E}</UniqueIdentifier>
      <Extensions>qrc;*</Extensions>
      <ParseFiles>false</ParseFiles>
    </Filter>
    <Filter Include="Resource Files">
      <UniqueIdentifier>{D9D6E242-F8AF-46E4-B9FD-80ECBC20BA3E}</UniqueIdentifier>
      <Extensions>qrc;*</Extensions>
      <ParseFiles>false</ParseFiles>
    </Filter>
    <Filter Include="Source Files">
      <UniqueIdentifier>{4FC737F1-C7A5-4376-A066-2A32D752A2FF}</UniqueIdentifier>
      <Extensions>cpp;c;cxx;def;odl;idl;hpj;bat;asm;asmx</Extensions>
    </Filter>
    <Filter Include="Source Files">
      <UniqueIdentifier>{4FC737F1-C7A5-4376-A066-2A32D752A2FF}</UniqueIdentifier>
      <Extensions>cpp;c;cxx;def;odl;idl;hpj;bat;asm;asmx</Extensions>
    </Filter>
  </ItemGroup>
  <ItemGroup>
    <Filter Include="Source Files\src" />
  </ItemGroup>
  <ItemGroup>
    <Filter Include="Source Files\src\App" />
  </ItemGroup>
  <ItemGroup>
    <Filter Include="Source Files\src\App\Central" />
  </ItemGroup>
  <ItemGroup>
    <ClCompile Include="src\App\Central\CentralContext.cpp">
      <Filter>Source Files\src\App\Central</Filter>
    </ClCompile>
  </ItemGroup>
  <ItemGroup>
    <ClCompile Include="src\App\Central\CentralController.cpp">
      <Filter>Source Files\src\App\Central</Filter>
    </ClCompile>
  </ItemGroup>
  <ItemGroup>
    <ClCompile Include="src\App\Central\CentralManager.cpp">
      <Filter>Source Files\src\App\Central</Filter>
    </ClCompile>
  </ItemGroup>
  <ItemGroup>
    <ClCompile Include="src\App\Central\CentralView.cpp">
      <Filter>Source Files\src\App\Central</Filter>
    </ClCompile>
  </ItemGroup>
  <ItemGroup>
    <Filter Include="Source Files\src\App\Dock" />
  </ItemGroup>
  <ItemGroup>
    <ClCompile Include="src\App\Dock\DockContext.cpp">
      <Filter>Source Files\src\App\Dock</Filter>
    </ClCompile>
  </ItemGroup>
  <ItemGroup>
    <ClCompile Include="src\App\Dock\DockController.cpp">
      <Filter>Source Files\src\App\Dock</Filter>
    </ClCompile>
  </ItemGroup>
  <ItemGroup>
    <ClCompile Include="src\App\Dock\DockView.cpp">
      <Filter>Source Files\src\App\Dock</Filter>
    </ClCompile>
  </ItemGroup>
  <ItemGroup>
    <Filter Include="Source Files\src\App\Menu" />
  </ItemGroup>
  <ItemGroup>
    <ClCompile Include="src\App\Menu\MenuController.cpp">
      <Filter>Source Files\src\App\Menu</Filter>
    </ClCompile>
  </ItemGroup>
  <ItemGroup>
    <ClCompile Include="src\App\Menu\MenuView.cpp">
      <Filter>Source Files\src\App\Menu</Filter>
    </ClCompile>
  </ItemGroup>
  <ItemGroup>
    <Filter Include="Source Files\src\App\Toolbar" />
  </ItemGroup>
  <ItemGroup>
    <ClCompile Include="src\App\Toolbar\ToolbarContext.cpp">
      <Filter>Source Files\src\App\Toolbar</Filter>
    </ClCompile>
  </ItemGroup>
  <ItemGroup>
    <ClCompile Include="src\App\Toolbar\ToolbarController.cpp">
      <Filter>Source Files\src\App\Toolbar</Filter>
    </ClCompile>
  </ItemGroup>
  <ItemGroup>
    <ClCompile Include="src\App\Toolbar\ToolbarView.cpp">
      <Filter>Source Files\src\App\Toolbar</Filter>
    </ClCompile>
  </ItemGroup>
  <ItemGroup>
    <ClCompile Include="src\App\MainController.cpp">
      <Filter>Source Files\src\App</Filter>
    </ClCompile>
  </ItemGroup>
  <ItemGroup>
    <ClCompile Include="src\App\MainViewer.cpp">
      <Filter>Source Files\src\App</Filter>
    </ClCompile>
  </ItemGroup>
  <ItemGroup>
    <ClCompile Include="src\App\main.cpp">
      <Filter>Source Files\src\App</Filter>
    </ClCompile>
  </ItemGroup>
  <ItemGroup>
    <Filter Include="Source Files\src\Framework" />
  </ItemGroup>
  <ItemGroup>
    <Filter Include="Source Files\src\Framework\Controller" />
  </ItemGroup>
  <ItemGroup>
    <ClCompile Include="src\Framework\Controller\Controller.cpp">
      <Filter>Source Files\src\Framework\Controller</Filter>
    </ClCompile>
  </ItemGroup>
  <ItemGroup>
    <Filter Include="Source Files\src\Framework\Entity" />
  </ItemGroup>
  <ItemGroup>
    <ClCompile Include="src\Framework\Entity\Context.cpp">
      <Filter>Source Files\src\Framework\Entity</Filter>
    </ClCompile>
  </ItemGroup>
  <ItemGroup>
    <ClCompile Include="src\Framework\Entity\Function2D.cpp">
      <Filter>Source Files\src\Framework\Entity</Filter>
    </ClCompile>
  </ItemGroup>
  <ItemGroup>
    <Filter Include="Source Files\src\Framework\Manager" />
  </ItemGroup>
  <ItemGroup>
    <ClCompile Include="src\Framework\Manager\ContextManager.cpp">
      <Filter>Source Files\src\Framework\Manager</Filter>
    </ClCompile>
  </ItemGroup>
  <ItemGroup>
    <ClCompile Include="src\Framework\Manager\ContextManagerXml.cpp">
      <Filter>Source Files\src\Framework\Manager</Filter>
    </ClCompile>
  </ItemGroup>
  <ItemGroup>
    <ClCompile Include="src\Framework\Manager\DbManager.cpp">
      <Filter>Source Files\src\Framework\Manager</Filter>
    </ClCompile>
  </ItemGroup>
  <ItemGroup>
    <ClCompile Include="src\Framework\Manager\Function2DManager.cpp">
      <Filter>Source Files\src\Framework\Manager</Filter>
    </ClCompile>
  </ItemGroup>
  <ItemGroup>
    <ClCompile Include="src\Framework\Manager\Function2DManagerCsv.cpp">
      <Filter>Source Files\src\Framework\Manager</Filter>
    </ClCompile>
  </ItemGroup>
  <ItemGroup>
    <ClCompile Include="src\Framework\Manager\Manager.cpp">
      <Filter>Source Files\src\Framework\Manager</Filter>
    </ClCompile>
  </ItemGroup>
  <ItemGroup>
    <ClCompile Include="src\Framework\Manager\PostGreDbManager.cpp">
      <Filter>Source Files\src\Framework\Manager</Filter>
    </ClCompile>
  </ItemGroup>
  <ItemGroup>
    <Filter Include="Source Files\src\Framework\Viewer" />
  </ItemGroup>
  <ItemGroup>
    <ClCompile Include="src\Framework\Viewer\ChartView.cpp">
      <Filter>Source Files\src\Framework\Viewer</Filter>
    </ClCompile>
  </ItemGroup>
  <ItemGroup>
    <ClCompile Include="src\Framework\Viewer\Viewer.cpp">
      <Filter>Source Files\src\Framework\Viewer</Filter>
    </ClCompile>
  </ItemGroup>
  <ItemGroup>
    <Filter Include="Header Files\src" />
  </ItemGroup>
  <ItemGroup>
    <Filter Include="Header Files\src\App" />
  </ItemGroup>
  <ItemGroup>
    <Filter Include="Header Files\src\App\Central" />
  </ItemGroup>
  <ItemGroup>
    <ClInclude Include="src\App\Central\CentralContext.h">
      <Filter>Header Files\src\App\Central</Filter>
    </ClInclude>
  </ItemGroup>
  <ItemGroup>
    <CustomBuild Include="src\App\Central\CentralController.h">
      <Filter>Header Files\src\App\Central</Filter>
    </CustomBuild>
  </ItemGroup>
  <ItemGroup>
    <CustomBuild Include="src\App\Central\CentralManager.h">
      <Filter>Header Files\src\App\Central</Filter>
    </CustomBuild>
  </ItemGroup>
  <ItemGroup>
    <CustomBuild Include="src\App\Central\CentralView.h">
      <Filter>Header Files\src\App\Central</Filter>
    </CustomBuild>
  </ItemGroup>
  <ItemGroup>
    <Filter Include="Header Files\src\App\Dock" />
  </ItemGroup>
  <ItemGroup>
    <ClInclude Include="src\App\Dock\DockContext.h">
      <Filter>Header Files\src\App\Dock</Filter>
    </ClInclude>
  </ItemGroup>
  <ItemGroup>
    <CustomBuild Include="src\App\Dock\DockController.h">
      <Filter>Header Files\src\App\Dock</Filter>
    </CustomBuild>
  </ItemGroup>
  <ItemGroup>
    <CustomBuild Include="src\App\Dock\DockView.h">
      <Filter>Header Files\src\App\Dock</Filter>
    </CustomBuild>
  </ItemGroup>
  <ItemGroup>
    <Filter Include="Header Files\src\App\Menu" />
  </ItemGroup>
  <ItemGroup>
    <CustomBuild Include="src\App\Menu\MenuController.h">
      <Filter>Header Files\src\App\Menu</Filter>
    </CustomBuild>
  </ItemGroup>
  <ItemGroup>
    <CustomBuild Include="src\App\Menu\MenuView.h">
      <Filter>Header Files\src\App\Menu</Filter>
    </CustomBuild>
  </ItemGroup>
  <ItemGroup>
    <Filter Include="Header Files\src\App\Toolbar" />
  </ItemGroup>
  <ItemGroup>
    <ClInclude Include="src\App\Toolbar\ToolbarContext.h">
      <Filter>Header Files\src\App\Toolbar</Filter>
    </ClInclude>
  </ItemGroup>
  <ItemGroup>
    <CustomBuild Include="src\App\Toolbar\ToolbarController.h">
      <Filter>Header Files\src\App\Toolbar</Filter>
    </CustomBuild>
  </ItemGroup>
  <ItemGroup>
    <CustomBuild Include="src\App\Toolbar\ToolbarView.h">
      <Filter>Header Files\src\App\Toolbar</Filter>
    </CustomBuild>
  </ItemGroup>
  <ItemGroup>
    <CustomBuild Include="src\App\MainController.h">
      <Filter>Header Files\src\App</Filter>
    </CustomBuild>
  </ItemGroup>
  <ItemGroup>
    <ClInclude Include="src\App\MainViewer.h">
      <Filter>Header Files\src\App</Filter>
    </ClInclude>
  </ItemGroup>
  <ItemGroup>
    <Filter Include="Header Files\src\Framework" />
  </ItemGroup>
  <ItemGroup>
    <Filter Include="Header Files\src\Framework\Controller" />
  </ItemGroup>
  <ItemGroup>
    <ClInclude Include="src\Framework\Controller\Controller.h">
      <Filter>Header Files\src\Framework\Controller</Filter>
    </ClInclude>
  </ItemGroup>
  <ItemGroup>
    <Filter Include="Header Files\src\Framework\Entity" />
  </ItemGroup>
  <ItemGroup>
    <ClInclude Include="src\Framework\Entity\Context.h">
      <Filter>Header Files\src\Framework\Entity</Filter>
    </ClInclude>
  </ItemGroup>
  <ItemGroup>
    <ClInclude Include="src\Framework\Entity\Function2D.h">
      <Filter>Header Files\src\Framework\Entity</Filter>
    </ClInclude>
  </ItemGroup>
  <ItemGroup>
    <Filter Include="Header Files\src\Framework\Manager" />
  </ItemGroup>
  <ItemGroup>
    <ClInclude Include="src\Framework\Manager\ContextManager.h">
      <Filter>Header Files\src\Framework\Manager</Filter>
    </ClInclude>
  </ItemGroup>
  <ItemGroup>
    <ClInclude Include="src\Framework\Manager\ContextManagerXml.h">
      <Filter>Header Files\src\Framework\Manager</Filter>
    </ClInclude>
  </ItemGroup>
  <ItemGroup>
    <ClInclude Include="src\Framework\Manager\DbManager.h">
      <Filter>Header Files\src\Framework\Manager</Filter>
    </ClInclude>
  </ItemGroup>
  <ItemGroup>
    <ClInclude Include="src\Framework\Manager\Function2DManager.h">
      <Filter>Header Files\src\Framework\Manager</Filter>
    </ClInclude>
  </ItemGroup>
  <ItemGroup>
    <ClInclude Include="src\Framework\Manager\Function2DManagerCsv.h">
      <Filter>Header Files\src\Framework\Manager</Filter>
    </ClInclude>
  </ItemGroup>
  <ItemGroup>
    <ClInclude Include="src\Framework\Manager\Manager.h">
      <Filter>Header Files\src\Framework\Manager</Filter>
    </ClInclude>
  </ItemGroup>
  <ItemGroup>
    <ClInclude Include="src\Framework\Manager\PostGreDbManager.h">
      <Filter>Header Files\src\Framework\Manager</Filter>
    </ClInclude>
  </ItemGroup>
  <ItemGroup>
    <Filter Include="Header Files\src\Framework\Viewer" />
  </ItemGroup>
  <ItemGroup>
    <ClInclude Include="src\Framework\Viewer\ChartView.h">
      <Filter>Header Files\src\Framework\Viewer</Filter>
    </ClInclude>
  </ItemGroup>
  <ItemGroup>
    <ClInclude Include="src\Framework\Viewer\Viewer.h">
      <Filter>Header Files\src\Framework\Viewer</Filter>
    </ClInclude>
  </ItemGroup>
  <ItemGroup>
    <Filter Include="Generated Files\temp_debug" />
  </ItemGroup>
  <ItemGroup>
    <ClCompile Include="temp_debug\moc_CentralController.cpp">
      <Filter>Generated Files\temp_debug</Filter>
    </ClCompile>
  </ItemGroup>
  <ItemGroup>
    <ClCompile Include="temp_debug\moc_CentralManager.cpp">
      <Filter>Generated Files\temp_debug</Filter>
    </ClCompile>
  </ItemGroup>
  <ItemGroup>
    <ClCompile Include="temp_debug\moc_CentralView.cpp">
      <Filter>Generated Files\temp_debug</Filter>
    </ClCompile>
  </ItemGroup>
  <ItemGroup>
    <ClCompile Include="temp_debug\moc_DockController.cpp">
      <Filter>Generated Files\temp_debug</Filter>
    </ClCompile>
  </ItemGroup>
  <ItemGroup>
    <ClCompile Include="temp_debug\moc_DockView.cpp">
      <Filter>Generated Files\temp_debug</Filter>
    </ClCompile>
  </ItemGroup>
  <ItemGroup>
    <ClCompile Include="temp_debug\moc_MainController.cpp">
      <Filter>Generated Files\temp_debug</Filter>
    </ClCompile>
  </ItemGroup>
  <ItemGroup>
    <ClCompile Include="temp_debug\moc_MenuController.cpp">
      <Filter>Generated Files\temp_debug</Filter>
    </ClCompile>
  </ItemGroup>
  <ItemGroup>
    <ClCompile Include="temp_debug\moc_MenuView.cpp">
      <Filter>Generated Files\temp_debug</Filter>
    </ClCompile>
  </ItemGroup>
  <ItemGroup>
    <ClCompile Include="temp_debug\moc_ToolbarController.cpp">
      <Filter>Generated Files\temp_debug</Filter>
    </ClCompile>
  </ItemGroup>
  <ItemGroup>
    <ClCompile Include="temp_debug\moc_ToolbarView.cpp">
      <Filter>Generated Files\temp_debug</Filter>
    </ClCompile>
  </ItemGroup>
  <ItemGroup>
    <CustomBuild Include="temp_debug\moc_predefs.h.cbt">
      <Filter>Generated Files\temp_debug</Filter>
    </CustomBuild>
  </ItemGroup>
  <ItemGroup>
    <ClCompile Include="temp_debug\qrc_CV.cpp">
      <Filter>Generated Files\temp_debug</Filter>
    </ClCompile>
  </ItemGroup>
  <ItemGroup>
    <Filter Include="Generated Files\temp_release" />
  </ItemGroup>
  <ItemGroup>
    <ClCompile Include="temp_release\moc_CentralController.cpp">
      <Filter>Generated Files\temp_release</Filter>
    </ClCompile>
  </ItemGroup>
  <ItemGroup>
    <ClCompile Include="temp_release\moc_CentralManager.cpp">
      <Filter>Generated Files\temp_release</Filter>
    </ClCompile>
  </ItemGroup>
  <ItemGroup>
    <ClCompile Include="temp_release\moc_CentralView.cpp">
      <Filter>Generated Files\temp_release</Filter>
    </ClCompile>
  </ItemGroup>
  <ItemGroup>
    <ClCompile Include="temp_release\moc_DockController.cpp">
      <Filter>Generated Files\temp_release</Filter>
    </ClCompile>
  </ItemGroup>
  <ItemGroup>
    <ClCompile Include="temp_release\moc_DockView.cpp">
      <Filter>Generated Files\temp_release</Filter>
    </ClCompile>
  </ItemGroup>
  <ItemGroup>
    <ClCompile Include="temp_release\moc_MainController.cpp">
      <Filter>Generated Files\temp_release</Filter>
    </ClCompile>
  </ItemGroup>
  <ItemGroup>
    <ClCompile Include="temp_release\moc_MenuController.cpp">
      <Filter>Generated Files\temp_release</Filter>
    </ClCompile>
  </ItemGroup>
  <ItemGroup>
    <ClCompile Include="temp_release\moc_MenuView.cpp">
      <Filter>Generated Files\temp_release</Filter>
    </ClCompile>
  </ItemGroup>
  <ItemGroup>
    <ClCompile Include="temp_release\moc_ToolbarController.cpp">
      <Filter>Generated Files\temp_release</Filter>
    </ClCompile>
  </ItemGroup>
  <ItemGroup>
    <ClCompile Include="temp_release\moc_ToolbarView.cpp">
      <Filter>Generated Files\temp_release</Filter>
    </ClCompile>
  </ItemGroup>
  <ItemGroup>
    <CustomBuild Include="temp_release\moc_predefs.h.cbt">
      <Filter>Generated Files\temp_release</Filter>
    </CustomBuild>
  </ItemGroup>
  <ItemGroup>
    <ClCompile Include="temp_release\qrc_CV.cpp">
      <Filter>Generated Files\temp_release</Filter>
    </ClCompile>
  </ItemGroup>
  <ItemGroup>
    <CustomBuild Include="CV.qrc">
      <Filter>Resource Files</Filter>
    </CustomBuild>
  </ItemGroup>
</Project>